
Microsoft Visual Studio Solution File, Format Version 12.00
# Visual Studio Version 16
VisualStudioVersion = 16.0.31624.102
MinimumVisualStudioVersion = 10.0.40219.1
Project("{FAE04EC0-301F-11D3-BF4B-00C04F79EFBC}") = "MonsterTradingCardGamePP", "MonsterTradingCardGamePP\MonsterTradingCardGamePP.csproj", "{0E1208F2-E547-45A3-8EF5-C343BCE009DD}"
EndProject
Project("{FAE04EC0-301F-11D3-BF4B-00C04F79EFBC}") = "MTCGPP_Test", "MTCGPP_Test\MTCGPP_Test.csproj", "{D91711A6-714C-4E03-9D46-C4D817F10E93}"
EndProject
Global
	GlobalSection(SolutionConfigurationPlatforms) = preSolution
		Debug|Any CPU = Debug|Any CPU
		Release|Any CPU = Release|Any CPU
	EndGlobalSection
	GlobalSection(ProjectConfigurationPlatforms) = postSolution
		{0E1208F2-E547-45A3-8EF5-C343BCE009DD}.Debug|Any CPU.ActiveCfg = Debug|Any CPU
		{0E1208F2-E547-45A3-8EF5-C343BCE009DD}.Debug|Any CPU.Build.0 = Debug|Any CPU
		{0E1208F2-E547-45A3-8EF5-C343BCE009DD}.Release|Any CPU.ActiveCfg = Release|Any CPU
		{0E1208F2-E547-45A3-8EF5-C343BCE009DD}.Release|Any CPU.Build.0 = Release|Any CPU
		{D91711A6-714C-4E03-9D46-C4D817F10E93}.Debug|Any CPU.ActiveCfg = Debug|Any CPU
		{D91711A6-714C-4E03-9D46-C4D817F10E93}.Debug|Any CPU.Build.0 = Debug|Any CPU
		{D91711A6-714C-4E03-9D46-C4D817F10E93}.Release|Any CPU.ActiveCfg = Release|Any CPU
		{D91711A6-714C-4E03-9D46-C4D817F10E93}.Release|Any CPU.Build.0 = Release|Any CPU
	EndGlobalSection
	GlobalSection(SolutionProperties) = preSolution
		HideSolutionNode = FALSE
	EndGlobalSection
	GlobalSection(ExtensibilityGlobals) = postSolution
		SolutionGuid = {AF63C1CA-791C-4A80-BAB0-6298FF1C7A46}
	EndGlobalSection
EndGlobal
